
Microsoft Visual Studio Solution File, Format Version 12.00
# Visual Studio 2012
Project("{FAE04EC0-301F-11D3-BF4B-00C04F79EFBC}") = "PhonewordXamarin", "PhonewordXamarin\PhonewordXamarin.csproj", "{A661DC53-BA16-483A-80D4-DE7782AA260A}"
EndProject
Project("{FAE04EC0-301F-11D3-BF4B-00C04F79EFBC}") = "PhonewordXamarin.iOS", "iOS\PhonewordXamarin.iOS.csproj", "{16BCB364-71FF-479B-9AAF-2010C40039CF}"
EndProject
Project("{FAE04EC0-301F-11D3-BF4B-00C04F79EFBC}") = "PhonewordXamarin.Droid", "Droid\PhonewordXamarin.Droid.csproj", "{FBF4DB32-8FA9-47B8-A2EB-2E297DDFAE01}"
EndProject
Global
	GlobalSection(SolutionConfigurationPlatforms) = preSolution
		Debug|Any CPU = Debug|Any CPU
		Release|Any CPU = Release|Any CPU
		Debug|iPhoneSimulator = Debug|iPhoneSimulator
		Release|iPhone = Release|iPhone
		Release|iPhoneSimulator = Release|iPhoneSimulator
		Debug|iPhone = Debug|iPhone
	EndGlobalSection
	GlobalSection(ProjectConfigurationPlatforms) = postSolution
		{A661DC53-BA16-483A-80D4-DE7782AA260A}.Debug|Any CPU.ActiveCfg = Debug|Any CPU
		{A661DC53-BA16-483A-80D4-DE7782AA260A}.Debug|Any CPU.Build.0 = Debug|Any CPU
		{A661DC53-BA16-483A-80D4-DE7782AA260A}.Release|Any CPU.ActiveCfg = Release|Any CPU
		{A661DC53-BA16-483A-80D4-DE7782AA260A}.Release|Any CPU.Build.0 = Release|Any CPU
		{A661DC53-BA16-483A-80D4-DE7782AA260A}.Debug|iPhoneSimulator.ActiveCfg = Debug|Any CPU
		{A661DC53-BA16-483A-80D4-DE7782AA260A}.Debug|iPhoneSimulator.Build.0 = Debug|Any CPU
		{A661DC53-BA16-483A-80D4-DE7782AA260A}.Release|iPhone.ActiveCfg = Release|Any CPU
		{A661DC53-BA16-483A-80D4-DE7782AA260A}.Release|iPhone.Build.0 = Release|Any CPU
		{A661DC53-BA16-483A-80D4-DE7782AA260A}.Release|iPhoneSimulator.ActiveCfg = Release|Any CPU
		{A661DC53-BA16-483A-80D4-DE7782AA260A}.Release|iPhoneSimulator.Build.0 = Release|Any CPU
		{A661DC53-BA16-483A-80D4-DE7782AA260A}.Debug|iPhone.ActiveCfg = Debug|Any CPU
		{A661DC53-BA16-483A-80D4-DE7782AA260A}.Debug|iPhone.Build.0 = Debug|Any CPU
		{16BCB364-71FF-479B-9AAF-2010C40039CF}.Debug|Any CPU.ActiveCfg = Debug|iPhoneSimulator
		{16BCB364-71FF-479B-9AAF-2010C40039CF}.Debug|Any CPU.Build.0 = Debug|iPhoneSimulator
		{16BCB364-71FF-479B-9AAF-2010C40039CF}.Release|Any CPU.ActiveCfg = Release|iPhone
		{16BCB364-71FF-479B-9AAF-2010C40039CF}.Release|Any CPU.Build.0 = Release|iPhone
		{16BCB364-71FF-479B-9AAF-2010C40039CF}.Debug|iPhoneSimulator.ActiveCfg = Debug|iPhoneSimulator
		{16BCB364-71FF-479B-9AAF-2010C40039CF}.Debug|iPhoneSimulator.Build.0 = Debug|iPhoneSimulator
		{16BCB364-71FF-479B-9AAF-2010C40039CF}.Release|iPhone.ActiveCfg = Release|iPhone
		{16BCB364-71FF-479B-9AAF-2010C40039CF}.Release|iPhone.Build.0 = Release|iPhone
		{16BCB364-71FF-479B-9AAF-2010C40039CF}.Release|iPhoneSimulator.ActiveCfg = Release|iPhoneSimulator
		{16BCB364-71FF-479B-9AAF-2010C40039CF}.Release|iPhoneSimulator.Build.0 = Release|iPhoneSimulator
		{16BCB364-71FF-479B-9AAF-2010C40039CF}.Debug|iPhone.ActiveCfg = Debug|iPhone
		{16BCB364-71FF-479B-9AAF-2010C40039CF}.Debug|iPhone.Build.0 = Debug|iPhone
		{FBF4DB32-8FA9-47B8-A2EB-2E297DDFAE01}.Debug|Any CPU.ActiveCfg = Debug|Any CPU
		{FBF4DB32-8FA9-47B8-A2EB-2E297DDFAE01}.Debug|Any CPU.Build.0 = Debug|Any CPU
		{FBF4DB32-8FA9-47B8-A2EB-2E297DDFAE01}.Release|Any CPU.ActiveCfg = Release|Any CPU
		{FBF4DB32-8FA9-47B8-A2EB-2E297DDFAE01}.Release|Any CPU.Build.0 = Release|Any CPU
		{FBF4DB32-8FA9-47B8-A2EB-2E297DDFAE01}.Debug|iPhoneSimulator.ActiveCfg = Debug|Any CPU
		{FBF4DB32-8FA9-47B8-A2EB-2E297DDFAE01}.Debug|iPhoneSimulator.Build.0 = Debug|Any CPU
		{FBF4DB32-8FA9-47B8-A2EB-2E297DDFAE01}.Release|iPhone.ActiveCfg = Release|Any CPU
		{FBF4DB32-8FA9-47B8-A2EB-2E297DDFAE01}.Release|iPhone.Build.0 = Release|Any CPU
		{FBF4DB32-8FA9-47B8-A2EB-2E297DDFAE01}.Release|iPhoneSimulator.ActiveCfg = Release|Any CPU
		{FBF4DB32-8FA9-47B8-A2EB-2E297DDFAE01}.Release|iPhoneSimulator.Build.0 = Release|Any CPU
		{FBF4DB32-8FA9-47B8-A2EB-2E297DDFAE01}.Debug|iPhone.ActiveCfg = Debug|Any CPU
		{FBF4DB32-8FA9-47B8-A2EB-2E297DDFAE01}.Debug|iPhone.Build.0 = Debug|Any CPU
	EndGlobalSection
EndGlobal
