// !$*UTF8*$!
{
	archiveVersion = 1;
	classes = {
	};
	objectVersion = 46;
	objects = {

/* Begin PBXBuildFile section */
		59BCB5701EFBA47E00E7815B /* AppDelegate.swift in Sources */ = {isa = PBXBuildFile; fileRef = 59BCB56F1EFBA47E00E7815B /* AppDelegate.swift */; };
		59BCB5721EFBA47E00E7815B /* ViewController.swift in Sources */ = {isa = PBXBuildFile; fileRef = 59BCB5711EFBA47E00E7815B /* ViewController.swift */; };
		59BCB5751EFBA47E00E7815B /* Main.storyboard in Resources */ = {isa = PBXBuildFile; fileRef = 59BCB5731EFBA47E00E7815B /* Main.storyboard */; };
		59BCB5771EFBA47E00E7815B /* Assets.xcassets in Resources */ = {isa = PBXBuildFile; fileRef = 59BCB5761EFBA47E00E7815B /* Assets.xcassets */; };
		59BCB57A1EFBA47E00E7815B /* LaunchScreen.storyboard in Resources */ = {isa = PBXBuildFile; fileRef = 59BCB5781EFBA47E00E7815B /* LaunchScreen.storyboard */; };
/* End PBXBuildFile section */

/* Begin PBXFileReference section */
		59BCB56C1EFBA47E00E7815B /* Calculator.app */ = {isa = PBXFileReference; explicitFileType = wrapper.application; includeInIndex = 0; path = Calculator.app; sourceTree = BUILT_PRODUCTS_DIR; };
		59BCB56F1EFBA47E00E7815B /* AppDelegate.swift */ = {isa = PBXFileReference; lastKnownFileType = sourcecode.swift; path = AppDelegate.swift; sourceTree = "<group>"; };
		59BCB5711EFBA47E00E7815B /* ViewController.swift */ = {isa = PBXFileReference; lastKnownFileType = sourcecode.swift; path = ViewController.swift; sourceTree = "<group>"; };
		59BCB5741EFBA47E00E7815B /* Base */ = {isa = PBXFileReference; lastKnownFileType = file.storyboard; name = Base; path = Base.lproj/Main.storyboard; sourceTree = "<group>"; };
		59BCB5761EFBA47E00E7815B /* Assets.xcassets */ = {isa = PBXFileReference; lastKnownFileType = folder.assetcatalog; path = Assets.xcassets; sourceTree = "<group>"; };
		59BCB5791EFBA47E00E7815B /* Base */ = {isa = PBXFileReference; lastKnownFileType = file.storyboard; name = Base; path = Base.lproj/LaunchScreen.storyboard; sourceTree = "<group>"; };
		59BCB57B1EFBA47E00E7815B /* Info.plist */ = {isa = PBXFileReference; lastKnownFileType = text.plist.xml; path = Info.plist; sourceTree = "<group>"; };
/* End PBXFileReference section */

/* Begin PBXFrameworksBuildPhase section */
		59BCB5691EFBA47E00E7815B /* Frameworks */ = {
			isa = PBXFrameworksBuildPhase;
			buildActionMask = 2147483647;
			files = (
			);
			runOnlyForDeploymentPostprocessing = 0;
		};
/* End PBXFrameworksBuildPhase section */

/* Begin PBXGroup section */
		59BCB5631EFBA47D00E7815B = {
			isa = PBXGroup;
			children = (
				59BCB56E1EFBA47E00E7815B /* Calculator */,
				59BCB56D1EFBA47E00E7815B /* Products */,
			);
			sourceTree = "<group>";
		};
		59BCB56D1EFBA47E00E7815B /* Products */ = {
			isa = PBXGroup;
			children = (
				59BCB56C1EFBA47E00E7815B /* Calculator.app */,
			);
			name = Products;
			sourceTree = "<group>";
		};
		59BCB56E1EFBA47E00E7815B /* Calculator */ = {
			isa = PBXGroup;
			children = (
				59BCB5811EFBA99C00E7815B /* SupportingFiles */,
				59BCB5711EFBA47E00E7815B /* ViewController.swift */,
				59BCB5731EFBA47E00E7815B /* Main.storyboard */,
			);
			path = Calculator;
			sourceTree = "<group>";
		};
		59BCB5811EFBA99C00E7815B /* SupportingFiles */ = {
			isa = PBXGroup;
			children = (
				59BCB56F1EFBA47E00E7815B /* AppDelegate.swift */,
				59BCB5761EFBA47E00E7815B /* Assets.xcassets */,
				59BCB5781EFBA47E00E7815B /* LaunchScreen.storyboard */,
				59BCB57B1EFBA47E00E7815B /* Info.plist */,
			);
			name = SupportingFiles;
			sourceTree = "<group>";
		};
/* End PBXGroup section */

/* Begin PBXNativeTarget section */
		59BCB56B1EFBA47E00E7815B /* Calculator */ = {
			isa = PBXNativeTarget;
			buildConfigurationList = 59BCB57E1EFBA47E00E7815B /* Build configuration list for PBXNativeTarget "Calculator" */;
			buildPhases = (
				59BCB5681EFBA47E00E7815B /* Sources */,
				59BCB5691EFBA47E00E7815B /* Frameworks */,
				59BCB56A1EFBA47E00E7815B /* Resources */,
			);
			buildRules = (
			);
			dependencies = (
			);
			name = Calculator;
			productName = Calculator;
			productReference = 59BCB56C1EFBA47E00E7815B /* Calculator.app */;
			productType = "com.apple.product-type.application";
		};
/* End PBXNativeTarget section */

/* Begin PBXProject section */
		59BCB5641EFBA47D00E7815B /* Project object */ = {
			isa = PBXProject;
			attributes = {
				LastSwiftUpdateCheck = 0720;
				LastUpgradeCheck = 0720;
				ORGANIZATIONNAME = SreeTej;
				TargetAttributes = {
					59BCB56B1EFBA47E00E7815B = {
						CreatedOnToolsVersion = 7.2;
						DevelopmentTeam = F9Y3ES6QW7;
					};
				};
			};
			buildConfigurationList = 59BCB5671EFBA47D00E7815B /* Build configuration list for PBXProject "Calculator" */;
			compatibilityVersion = "Xcode 3.2";
			developmentRegion = English;
			hasScannedForEncodings = 0;
			knownRegions = (
				en,
				Base,
			);
			mainGroup = 59BCB5631EFBA47D00E7815B;
			productRefGroup = 59BCB56D1EFBA47E00E7815B /* Products */;
			projectDirPath = "";
			projectRoot = "";
			targets = (
				59BCB56B1EFBA47E00E7815B /* Calculator */,
			);
		};
/* End PBXProject section */

/* Begin PBXResourcesBuildPhase section */
		59BCB56A1EFBA47E00E7815B /* Resources */ = {
			isa = PBXResourcesBuildPhase;
			buildActionMask = 2147483647;
			files = (
				59BCB57A1EFBA47E00E7815B /* LaunchScreen.storyboard in Resources */,
				59BCB5771EFBA47E00E7815B /* Assets.xcassets in Resources */,
				59BCB5751EFBA47E00E7815B /* Main.storyboard in Resources */,
			);
			runOnlyForDeploymentPostprocessing = 0;
		};
/* End PBXResourcesBuildPhase section */

/* Begin PBXSourcesBuildPhase section */
		59BCB5681EFBA47E00E7815B /* Sources */ = {
			isa = PBXSourcesBuildPhase;
			buildActionMask = 2147483647;
			files = (
				59BCB5721EFBA47E00E7815B /* ViewController.swift in Sources */,
				59BCB5701EFBA47E00E7815B /* AppDelegate.swift in Sources */,
			);
			runOnlyForDeploymentPostprocessing = 0;
		};
/* End PBXSourcesBuildPhase section */

/* Begin PBXVariantGroup section */
		59BCB5731EFBA47E00E7815B /* Main.storyboard */ = {
			isa = PBXVariantGroup;
			children = (
				59BCB5741EFBA47E00E7815B /* Base */,
			);
			name = Main.storyboard;
			sourceTree = "<group>";
		};
		59BCB5781EFBA47E00E7815B /* LaunchScreen.storyboard */ = {
			isa = PBXVariantGroup;
			children = (
				59BCB5791EFBA47E00E7815B /* Base */,
			);
			name = LaunchScreen.storyboard;
			sourceTree = "<group>";
		};
/* End PBXVariantGroup section */

/* Begin XCBuildConfiguration section */
		59BCB57C1EFBA47E00E7815B /* Debug */ = {
			isa = XCBuildConfiguration;
			buildSettings = {
				ALWAYS_SEARCH_USER_PATHS = NO;
				CLANG_CXX_LANGUAGE_STANDARD = "gnu++0x";
				CLANG_CXX_LIBRARY = "libc++";
				CLANG_ENABLE_MODULES = YES;
				CLANG_ENABLE_OBJC_ARC = YES;
				CLANG_WARN_BOOL_CONVERSION = YES;
				CLANG_WARN_CONSTANT_CONVERSION = YES;
				CLANG_WARN_DIRECT_OBJC_ISA_USAGE = YES_ERROR;
				CLANG_WARN_EMPTY_BODY = YES;
				CLANG_WARN_ENUM_CONVERSION = YES;
				CLANG_WARN_INT_CONVERSION = YES;
				CLANG_WARN_OBJC_ROOT_CLASS = YES_ERROR;
				CLANG_WARN_UNREACHABLE_CODE = YES;
				CLANG_WARN__DUPLICATE_METHOD_MATCH = YES;
				"CODE_SIGN_IDENTITY[sdk=iphoneos*]" = "iPhone Developer";
				COPY_PHASE_STRIP = NO;
				DEBUG_INFORMATION_FORMAT = dwarf;
				ENABLE_STRICT_OBJC_MSGSEND = YES;
				ENABLE_TESTABILITY = YES;
				GCC_C_LANGUAGE_STANDARD = gnu99;
				GCC_DYNAMIC_NO_PIC = NO;
				GCC_NO_COMMON_BLOCKS = YES;
				GCC_OPTIMIZATION_LEVEL = 0;
				GCC_PREPROCESSOR_DEFINITIONS = (
					"DEBUG=1",
					"$(inherited)",
				);
				GCC_WARN_64_TO_32_BIT_CONVERSION = YES;
				GCC_WARN_ABOUT_RETURN_TYPE = YES_ERROR;
				GCC_WARN_UNDECLARED_SELECTOR = YES;
				GCC_WARN_UNINITIALIZED_AUTOS = YES_AGGRESSIVE;
				GCC_WARN_UNUSED_FUNCTION = YES;
				GCC_WARN_UNUSED_VARIABLE = YES;
				IPHONEOS_DEPLOYMENT_TARGET = 9.2;
				MTL_ENABLE_DEBUG_INFO = YES;
				ONLY_ACTIVE_ARCH = YES;
				SDKROOT = iphoneos;
				SWIFT_OPTIMIZATION_LEVEL = "-Onone";
				TARGETED_DEVICE_FAMILY = "1,2";
			};
			name = Debug;
		};
		59BCB57D1EFBA47E00E7815B /* Release */ = {
			isa = XCBuildConfiguration;
			buildSettings = {
				ALWAYS_SEARCH_USER_PATHS = NO;
				CLANG_CXX_LANGUAGE_STANDARD = "gnu++0x";
				CLANG_CXX_LIBRARY = "libc++";
				CLANG_ENABLE_MODULES = YES;
				CLANG_ENABLE_OBJC_ARC = YES;
				CLANG_WARN_BOOL_CONVERSION = YES;
				CLANG_WARN_CONSTANT_CONVERSION = YES;
				CLANG_WARN_DIRECT_OBJC_ISA_USAGE = YES_ERROR;
				CLANG_WARN_EMPTY_BODY = YES;
				CLANG_WARN_ENUM_CONVERSION = YES;
				CLANG_WARN_INT_CONVERSION = YES;
				CLANG_WARN_OBJC_ROOT_CLASS = YES_ERROR;
				CLANG_WARN_UNREACHABLE_CODE = YES;
				CLANG_WARN__DUPLICATE_METHOD_MATCH = YES;
				"CODE_SIGN_IDENTITY[sdk=iphoneos*]" = "iPhone Developer";
				COPY_PHASE_STRIP = NO;
				DEBUG_INFORMATION_FORMAT = "dwarf-with-dsym";
				ENABLE_NS_ASSERTIONS = NO;
				ENABLE_STRICT_OBJC_MSGSEND = YES;
				GCC_C_LANGUAGE_STANDARD = gnu99;
				GCC_NO_COMMON_BLOCKS = YES;
				GCC_WARN_64_TO_32_BIT_CONVERSION = YES;
				GCC_WARN_ABOUT_RETURN_TYPE = YES_ERROR;
				GCC_WARN_UNDECLARED_SELECTOR = YES;
				GCC_WARN_UNINITIALIZED_AUTOS = YES_AGGRESSIVE;
				GCC_WARN_UNUSED_FUNCTION = YES;
				GCC_WARN_UNUSED_VARIABLE = YES;
				IPHONEOS_DEPLOYMENT_TARGET = 9.2;
				MTL_ENABLE_DEBUG_INFO = NO;
				SDKROOT = iphoneos;
				TARGETED_DEVICE_FAMILY = "1,2";
				VALIDATE_PRODUCT = YES;
			};
			name = Release;
		};
		59BCB57F1EFBA47E00E7815B /* Debug */ = {
			isa = XCBuildConfiguration;
			buildSettings = {
				ASSETCATALOG_COMPILER_APPICON_NAME = AppIcon;
				CODE_SIGN_IDENTITY = "iPhone Developer";
				"CODE_SIGN_IDENTITY[sdk=iphoneos*]" = "iPhone Developer";
				INFOPLIST_FILE = Calculator/Info.plist;
				LD_RUNPATH_SEARCH_PATHS = "$(inherited) @executable_path/Frameworks";
				PRODUCT_BUNDLE_IDENTIFIER = com.sreetej.sample.Calculator;
				PRODUCT_NAME = "$(TARGET_NAME)";
				PROVISIONING_PROFILE = "";
			};
			name = Debug;
		};
		59BCB5801EFBA47E00E7815B /* Release */ = {
			isa = XCBuildConfiguration;
			buildSettings = {
				ASSETCATALOG_COMPILER_APPICON_NAME = AppIcon;
				CODE_SIGN_IDENTITY = "iPhone Developer";
				"CODE_SIGN_IDENTITY[sdk=iphoneos*]" = "iPhone Developer";
				INFOPLIST_FILE = Calculator/Info.plist;
				LD_RUNPATH_SEARCH_PATHS = "$(inherited) @executable_path/Frameworks";
				PRODUCT_BUNDLE_IDENTIFIER = com.sreetej.sample.Calculator;
				PRODUCT_NAME = "$(TARGET_NAME)";
				PROVISIONING_PROFILE = "";
			};
			name = Release;
		};
/* End XCBuildConfiguration section */

/* Begin XCConfigurationList section */
		59BCB5671EFBA47D00E7815B /* Build configuration list for PBXProject "Calculator" */ = {
			isa = XCConfigurationList;
			buildConfigurations = (
				59BCB57C1EFBA47E00E7815B /* Debug */,
				59BCB57D1EFBA47E00E7815B /* Release */,
			);
			defaultConfigurationIsVisible = 0;
			defaultConfigurationName = Release;
		};
		59BCB57E1EFBA47E00E7815B /* Build configuration list for PBXNativeTarget "Calculator" */ = {
			isa = XCConfigurationList;
			buildConfigurations = (
				59BCB57F1EFBA47E00E7815B /* Debug */,
				59BCB5801EFBA47E00E7815B /* Release */,
			);
			defaultConfigurationIsVisible = 0;
		};
/* End XCConfigurationList section */
	};
	rootObject = 59BCB5641EFBA47D00E7815B /* Project object */;
}
